PODS:
  - NavigationAndStyle (1.0.5)

DEPENDENCIES:
  - NavigationAndStyle (from `../`)

EXTERNAL SOURCES:
  NavigationAndStyle:
    :path: "../"

SPEC CHECKSUMS:
  NavigationAndStyle: 1b19e21789e51e7893db3d8daeeca38479af36ec

PODFILE CHECKSUM: 8ba718437802f4557b5583713a040f76e8109ac7

COCOAPODS: 1.6.1
