PODS:
  - NavigationAndStyle (1.0.3)

DEPENDENCIES:
  - NavigationAndStyle (from `../`)

EXTERNAL SOURCES:
  NavigationAndStyle:
    :path: "../"

SPEC CHECKSUMS:
  NavigationAndStyle: d55e27bef355f7031f7a61e35dfed2ebd0745409

PODFILE CHECKSUM: 8ba718437802f4557b5583713a040f76e8109ac7

COCOAPODS: 1.6.1
